
Microsoft Visual Studio Solution File, Format Version 12.00
# Visual Studio Version 17
VisualStudioVersion = 17.4.33213.308
MinimumVisualStudioVersion = 10.0.40219.1
Project("{FAE04EC0-301F-11D3-BF4B-00C04F79EFBC}") = "bookStoreWithCount", "bookStoreWithCount\bookStoreWithCount.csproj", "{449071C2-0C77-44FE-9642-5DA9FEBF937A}"
EndProject
Global
	GlobalSection(SolutionConfigurationPlatforms) = preSolution
		Debug|Any CPU = Debug|Any CPU
		Release|Any CPU = Release|Any CPU
	EndGlobalSection
	GlobalSection(ProjectConfigurationPlatforms) = postSolution
		{449071C2-0C77-44FE-9642-5DA9FEBF937A}.Debug|Any CPU.ActiveCfg = Debug|Any CPU
		{449071C2-0C77-44FE-9642-5DA9FEBF937A}.Debug|Any CPU.Build.0 = Debug|Any CPU
		{449071C2-0C77-44FE-9642-5DA9FEBF937A}.Release|Any CPU.ActiveCfg = Release|Any CPU
		{449071C2-0C77-44FE-9642-5DA9FEBF937A}.Release|Any CPU.Build.0 = Release|Any CPU
	EndGlobalSection
	GlobalSection(SolutionProperties) = preSolution
		HideSolutionNode = FALSE
	EndGlobalSection
	GlobalSection(ExtensibilityGlobals) = postSolution
		SolutionGuid = {4364E013-CD53-4C9B-B1D2-88F37053E958}
	EndGlobalSection
EndGlobal
